<?xml version="1.0" encoding="utf-8"?>
<Project ToolsVersion="4.0" xmlns="http://schemas.microsoft.com/developer/msbuild/2003">
  <ItemGroup>
    <Filter Include="Source Files">
      <UniqueIdentifier>{b4d18190-b169-4e24-9350-8c897588e49f}</UniqueIdentifier>
      <Extensions>cpp;c;cxx;def;odl;idl;hpj;bat;asm</Extensions>
    </Filter>
    <Filter Include="Header Files">
      <UniqueIdentifier>{4ef1a21a-122c-43d2-bf31-62f96803db2a}</UniqueIdentifier>
      <Extensions>h;hpp;hxx;hm;inl;inc</Extensions>
    </Filter>
    <Filter Include="Resource Files">
      <UniqueIdentifier>{24be877f-441e-4eac-a82a-fc16362bebf3}</UniqueIdentifier>
      <Extensions>rc;ico;cur;bmp;dlg;rc2;rct;bin;rgs;jpg;jpeg;jpe;manifest</Extensions>
    </Filter>
    <Filter Include="SoUI Resource">
      <UniqueIdentifier>{6a029ce8-1bcc-47b6-9d83-d8a3c5e9f0c8}</UniqueIdentifier>
      <Extensions>idx;xml;png;gif;jpg;ico;lua;bmp</Extensions>
    </Filter>
  </ItemGroup>
  <ItemGroup>
    <Text Include="license.txt" />
    <Text Include="readme.txt" />
  </ItemGroup>
  <ItemGroup>
    <ClCompile Include="REDemo.cpp">
      <Filter>Source Files</Filter>
    </ClCompile>
    <ClCompile Include="MainDlg.cpp">
      <Filter>Source Files</Filter>
    </ClCompile>
    <ClCompile Include="stdafx.cpp">
      <Filter>Source Files</Filter>
    </ClCompile>
    <ClCompile Include="dataobject.cpp">
      <Filter>Source Files</Filter>
    </ClCompile>
    <ClCompile Include="HTMLParser.cpp">
      <Filter>Source Files</Filter>
    </ClCompile>
    <ClCompile Include="HTTPDownloader.cpp">
      <Filter>Source Files</Filter>
    </ClCompile>
    <ClCompile Include="utils.cpp">
      <Filter>Source Files</Filter>
    </ClCompile>
    <ClCompile Include="ExtendSkins.cpp">
      <Filter>Source Files</Filter>
    </ClCompile>
    <ClCompile Include="SAntialiasSkin.cpp">
      <Filter>Source Files</Filter>
    </ClCompile>
    <ClCompile Include="SVscrollbar.cpp">
      <Filter>Source Files</Filter>
    </ClCompile>
    <ClCompile Include="SImRichEdit.cpp">
      <Filter>Source Files</Filter>
    </ClCompile>
    <ClCompile Include="RichEditObj.cpp">
      <Filter>Source Files</Filter>
    </ClCompile>
    <ClCompile Include="RichEditOleBase.cpp">
      <Filter>Source Files</Filter>
    </ClCompile>
    <ClCompile Include="RichEditObjFactory.cpp">
      <Filter>Source Files</Filter>
    </ClCompile>
    <ClCompile Include="RichEditOleCtrls.cpp">
      <Filter>Source Files</Filter>
    </ClCompile>
    <ClCompile Include="SImageView.cpp">
      <Filter>Source Files</Filter>
    </ClCompile>
    <ClCompile Include="ImgProvider.cpp">
      <Filter>Source Files</Filter>
    </ClCompile>
    <ClCompile Include="RichEditUintConverter.cpp">
      <Filter>Source Files</Filter>
    </ClCompile>
    <ClCompile Include="RichEditOleCallback.cpp">
      <Filter>Source Files</Filter>
    </ClCompile>
    <ClCompile Include="ClipboardConverter.cpp">
      <Filter>Source Files</Filter>
    </ClCompile>
  </ItemGroup>
  <ItemGroup>
    <ResourceCompile Include="REDemo.rc">
      <Filter>Resource Files</Filter>
    </ResourceCompile>
  </ItemGroup>
  <ItemGroup>
    <ClInclude Include="MainDlg.h">
      <Filter>Header Files</Filter>
    </ClInclude>
    <ClInclude Include="resource.h">
      <Filter>Header Files</Filter>
    </ClInclude>
    <ClInclude Include="stdafx.h">
      <Filter>Header Files</Filter>
    </ClInclude>
    <ClInclude Include="dataobject.h">
      <Filter>Header Files</Filter>
    </ClInclude>
    <ClInclude Include="HTMLParser.h">
      <Filter>Header Files</Filter>
    </ClInclude>
    <ClInclude Include="HTTPDownloader.h">
      <Filter>Header Files</Filter>
    </ClInclude>
    <ClInclude Include="IRichEditObjHost.h">
      <Filter>Header Files</Filter>
    </ClInclude>
    <ClInclude Include="RichEditObjEvents.h">
      <Filter>Header Files</Filter>
    </ClInclude>
    <ClInclude Include="utils.h">
      <Filter>Header Files</Filter>
    </ClInclude>
    <ClInclude Include="ExtendSkins.h">
      <Filter>Header Files</Filter>
    </ClInclude>
    <ClInclude Include="SAntialiasSkin.h">
      <Filter>Header Files</Filter>
    </ClInclude>
    <ClInclude Include="SVscrollbar.h">
      <Filter>Header Files</Filter>
    </ClInclude>
    <ClInclude Include="SImRichEdit.h">
      <Filter>Header Files</Filter>
    </ClInclude>
    <ClInclude Include="RichEditObj.h">
      <Filter>Header Files</Filter>
    </ClInclude>
    <ClInclude Include="RichEditOleBase.h">
      <Filter>Header Files</Filter>
    </ClInclude>
    <ClInclude Include="RichEditObjFactory.h">
      <Filter>Header Files</Filter>
    </ClInclude>
    <ClInclude Include="RichEditOleCtrls.h">
      <Filter>Header Files</Filter>
    </ClInclude>
    <ClInclude Include="SImageView.h">
      <Filter>Header Files</Filter>
    </ClInclude>
    <ClInclude Include="ImgProvider.h">
      <Filter>Header Files</Filter>
    </ClInclude>
    <ClInclude Include="RichEditUintConverter.h">
      <Filter>Header Files</Filter>
    </ClInclude>
    <ClInclude Include="RichEditOleCallback.h">
      <Filter>Header Files</Filter>
    </ClInclude>
    <ClInclude Include="ClipboardConverter.h">
      <Filter>Header Files</Filter>
    </ClInclude>
  </ItemGroup>
  <ItemGroup>
    <None Include="res\soui_res.rc2">
      <Filter>Resource Files</Filter>
    </None>
  </ItemGroup>
  <ItemGroup>
    <Xml Include="uires\uidef\init.xml">
      <Filter>SoUI Resource</Filter>
    </Xml>
    <Xml Include="uires\values\color.xml">
      <Filter>SoUI Resource</Filter>
    </Xml>
    <Xml Include="uires\values\skin.xml">
      <Filter>SoUI Resource</Filter>
    </Xml>
    <Xml Include="uires\values\string.xml">
      <Filter>SoUI Resource</Filter>
    </Xml>
    <Xml Include="uires\xml\dlg_main.xml">
      <Filter>SoUI Resource</Filter>
    </Xml>
  </ItemGroup>
  <ItemGroup>
    <Image Include="uires\image\soui.ico">
      <Filter>SoUI Resource</Filter>
    </Image>
  </ItemGroup>
  <ItemGroup>
    <CustomBuild Include="uires\uires.idx">
      <Filter>SoUI Resource</Filter>
    </CustomBuild>
  </ItemGroup>
</Project>